
Microsoft Visual Studio Solution File, Format Version 12.00
# Visual Studio 14
VisualStudioVersion = 14.0.25420.1
MinimumVisualStudioVersion = 10.0.40219.1
Project("{FAE04EC0-301F-11D3-BF4B-00C04F79EFBC}") = "Reactive.Config", "Reactive.Config\Reactive.Config.csproj", "{057E0F57-EC49-49E4-B6DD-F8792B04E48E}"
EndProject
Project("{FAE04EC0-301F-11D3-BF4B-00C04F79EFBC}") = "Reactive.Config.Tests", "Reactive.Config.Tests\Reactive.Config.Tests.csproj", "{8A19810D-F8A4-437F-BBC6-D4777219F769}"
EndProject
Project("{2150E333-8FDC-42A3-9474-1A3956D46DE8}") = "Build", "Build", "{A8B8620C-3ADA-42BA-B60D-ED6263F3E2E1}"
	ProjectSection(SolutionItems) = preProject
		..\paket.dependencies = ..\paket.dependencies
	EndProjectSection
EndProject
Project("{FAE04EC0-301F-11D3-BF4B-00C04F79EFBC}") = "Reactive.Config.StructureMap", "Reactive.Config.StructureMap\Reactive.Config.StructureMap.csproj", "{CC3DC1D9-5535-484A-82E6-DF1D29EF3C0E}"
EndProject
Project("{FAE04EC0-301F-11D3-BF4B-00C04F79EFBC}") = "HelloReactiveConfig", "HelloReactiveConfig\HelloReactiveConfig.csproj", "{102A5CE0-7738-4C1F-90DE-06413F1A1E07}"
EndProject
Global
	GlobalSection(SolutionConfigurationPlatforms) = preSolution
		Debug|Any CPU = Debug|Any CPU
		Release|Any CPU = Release|Any CPU
	EndGlobalSection
	GlobalSection(ProjectConfigurationPlatforms) = postSolution
		{057E0F57-EC49-49E4-B6DD-F8792B04E48E}.Debug|Any CPU.ActiveCfg = Debug|Any CPU
		{057E0F57-EC49-49E4-B6DD-F8792B04E48E}.Debug|Any CPU.Build.0 = Debug|Any CPU
		{057E0F57-EC49-49E4-B6DD-F8792B04E48E}.Release|Any CPU.ActiveCfg = Release|Any CPU
		{057E0F57-EC49-49E4-B6DD-F8792B04E48E}.Release|Any CPU.Build.0 = Release|Any CPU
		{8A19810D-F8A4-437F-BBC6-D4777219F769}.Debug|Any CPU.ActiveCfg = Debug|Any CPU
		{8A19810D-F8A4-437F-BBC6-D4777219F769}.Debug|Any CPU.Build.0 = Debug|Any CPU
		{8A19810D-F8A4-437F-BBC6-D4777219F769}.Release|Any CPU.ActiveCfg = Release|Any CPU
		{8A19810D-F8A4-437F-BBC6-D4777219F769}.Release|Any CPU.Build.0 = Release|Any CPU
		{CC3DC1D9-5535-484A-82E6-DF1D29EF3C0E}.Debug|Any CPU.ActiveCfg = Debug|Any CPU
		{CC3DC1D9-5535-484A-82E6-DF1D29EF3C0E}.Debug|Any CPU.Build.0 = Debug|Any CPU
		{CC3DC1D9-5535-484A-82E6-DF1D29EF3C0E}.Release|Any CPU.ActiveCfg = Release|Any CPU
		{CC3DC1D9-5535-484A-82E6-DF1D29EF3C0E}.Release|Any CPU.Build.0 = Release|Any CPU
		{102A5CE0-7738-4C1F-90DE-06413F1A1E07}.Debug|Any CPU.ActiveCfg = Debug|Any CPU
		{102A5CE0-7738-4C1F-90DE-06413F1A1E07}.Debug|Any CPU.Build.0 = Debug|Any CPU
		{102A5CE0-7738-4C1F-90DE-06413F1A1E07}.Release|Any CPU.ActiveCfg = Release|Any CPU
		{102A5CE0-7738-4C1F-90DE-06413F1A1E07}.Release|Any CPU.Build.0 = Release|Any CPU
	EndGlobalSection
	GlobalSection(SolutionProperties) = preSolution
		HideSolutionNode = FALSE
	EndGlobalSection
EndGlobal
